# THIS IS AN AUTOGENERATED FILE. DO NOT EDIT THIS FILE DIRECTLY.
# yarn lockfile v1


metismenu@^3.0.5:
  version "3.0.5"
  resolved "https://registry.yarnpkg.com/metismenu/-/metismenu-3.0.5.tgz#b7229ef17a305edf1f462bb18dac79082c04024f"
  integrity sha512-s5rTYsejjLQO+uEbce6uVGVyGSVMPuN9jvGkWbNN7o8FVV50jHAX2DZlx9mqNnSI/uZIeOf+GduXaSYoSdAUOw==
